
Microsoft Visual Studio Solution File, Format Version 12.00
# Visual Studio 2013
VisualStudioVersion = 12.0.21005.1
MinimumVisualStudioVersion = 10.0.40219.1
Project("{FAE04EC0-301F-11D3-BF4B-00C04F79EFBC}") = "PlaylistManager.ApplicationServices", "AudioFiles\PlaylistManager.ApplicationServices.csproj", "{3ECEE913-A4A1-4711-A9D9-716C13ABB621}"
EndProject
Project("{FAE04EC0-301F-11D3-BF4B-00C04F79EFBC}") = "PlaylistManager.WPF", "PlaylistManager.WPF\PlaylistManager.WPF.csproj", "{A546A30C-80E3-4BE3-BF82-A3FD63483EA8}"
EndProject
Global
	GlobalSection(SolutionConfigurationPlatforms) = preSolution
		Debug|Any CPU = Debug|Any CPU
		Release|Any CPU = Release|Any CPU
	EndGlobalSection
	GlobalSection(ProjectConfigurationPlatforms) = postSolution
		{3ECEE913-A4A1-4711-A9D9-716C13ABB621}.Debug|Any CPU.ActiveCfg = Debug|Any CPU
		{3ECEE913-A4A1-4711-A9D9-716C13ABB621}.Debug|Any CPU.Build.0 = Debug|Any CPU
		{3ECEE913-A4A1-4711-A9D9-716C13ABB621}.Release|Any CPU.ActiveCfg = Release|Any CPU
		{3ECEE913-A4A1-4711-A9D9-716C13ABB621}.Release|Any CPU.Build.0 = Release|Any CPU
		{A546A30C-80E3-4BE3-BF82-A3FD63483EA8}.Debug|Any CPU.ActiveCfg = Debug|Any CPU
		{A546A30C-80E3-4BE3-BF82-A3FD63483EA8}.Debug|Any CPU.Build.0 = Debug|Any CPU
		{A546A30C-80E3-4BE3-BF82-A3FD63483EA8}.Release|Any CPU.ActiveCfg = Release|Any CPU
		{A546A30C-80E3-4BE3-BF82-A3FD63483EA8}.Release|Any CPU.Build.0 = Release|Any CPU
	EndGlobalSection
	GlobalSection(SolutionProperties) = preSolution
		HideSolutionNode = FALSE
	EndGlobalSection
EndGlobal
